{
  "name": "yrc-blog",
  "lockfileVersion": 2,
  "requires": true,
  "packages": {
    "": {
      "dependencies": {
        "@pyscript/core": "^0.6.70"
      }
    },
    "node_modules/@pyscript/core": {
      "version": "0.6.70",
      "resolved": "https://registry.npmjs.org/@pyscript/core/-/core-0.6.70.tgz",
      "integrity": "sha512-xpM16y8rMmhmfOavCyUSu5V7h1oyY+syD8yoDv8PvkBNFQ4QB+5iTfXMW4FkDWxUUq0vJASQN3rZPJy4sfW7oA==",
      "dependencies": {
        "@ungap/with-resolvers": "^0.1.0",
        "@webreflection/idb-map": "^0.3.2",
        "@webreflection/utils": "^0.1.1",
        "add-promise-listener": "^0.1.3",
        "basic-devtools": "^0.1.6",
        "polyscript": "^0.18.9",
        "sticky-module": "^0.1.1",
        "to-json-callback": "^0.1.1",
        "type-checked-collections": "^0.1.7"
      },
      "engines": {
        "node": ">=20"
      }
    },
    "node_modules/@ungap/with-resolvers": {
      "version": "0.1.0",
      "resolved": "https://registry.npmjs.org/@ungap/with-resolvers/-/with-resolvers-0.1.0.tgz",
      "integrity": "sha512-g7f0IkJdPW2xhY7H4iE72DAsIyfuwEFc6JWc2tYFwKDMWWAF699vGjrM348cwQuOXgHpe1gWFe+Eiyjx/ewvvw=="
    },
    "node_modules/@webreflection/fetch": {
      "version": "0.2.0",
      "resolved": "https://registry.npmjs.org/@webreflection/fetch/-/fetch-0.2.0.tgz",
      "integrity": "sha512-aI6INAtIUWn25x6D+wYpf4adWf3M91QFgobJXKTKW1Rzv40JuKoD+vIHy8aH03z/8LCMryl03N5n/wnU2qULOw=="
    },
    "node_modules/@webreflection/idb-map": {
      "version": "0.3.2",
      "resolved": "https://registry.npmjs.org/@webreflection/idb-map/-/idb-map-0.3.2.tgz",
      "integrity": "sha512-VLBTx6EUYF/dPdLyyjWWKxQmTWnVXTT1YJekrJUmfGxBcqEVL0Ih2EQptNG/JezkTYgJ0uSTb0yAum/THltBvQ=="
    },
    "node_modules/@webreflection/utils": {
      "version": "0.1.1",
      "resolved": "https://registry.npmjs.org/@webreflection/utils/-/utils-0.1.1.tgz",
      "integrity": "sha512-sLil+Ld0Y65Iad1RcwO8FTfkiZWa0hhg8AQJgVOkjIqbI5iucnKsK3cVs7DTZMR+QQhlZFrWic/wkMhoc7rbPA=="
    },
    "node_modules/add-promise-listener": {
      "version": "0.1.3",
      "resolved": "https://registry.npmjs.org/add-promise-listener/-/add-promise-listener-0.1.3.tgz",
      "integrity": "sha512-hQ6IgGJ7NvvlPYbwdekhdVwPb4QzEptNZ5v7B4XRKz7FukUPDuF/v+R5EFHArWmhmq4d+xv0G4/B5bu2GSiz9Q=="
    },
    "node_modules/basic-devtools": {
      "version": "0.1.6",
      "resolved": "https://registry.npmjs.org/basic-devtools/-/basic-devtools-0.1.6.tgz",
      "integrity": "sha512-g9zJ63GmdUesS3/Fwv0B5SYX6nR56TQXmGr+wE5PRTNCnGQMYWhUx/nZB/mMWnQJVLPPAp89oxDNlasdtNkW5Q=="
    },
    "node_modules/codedent": {
      "version": "0.1.2",
      "resolved": "https://registry.npmjs.org/codedent/-/codedent-0.1.2.tgz",
      "integrity": "sha512-qEqzcy5viM3UoCN0jYHZeXZoyd4NZQzYFg0kOBj8O1CgoGG9WYYTF+VeQRsN0OSKFjF3G1u4WDUOtOsWEx6N2w==",
      "dependencies": {
        "plain-tag": "^0.1.3"
      }
    },
    "node_modules/coincident": {
      "version": "4.0.22",
      "resolved": "https://registry.npmjs.org/coincident/-/coincident-4.0.22.tgz",
      "integrity": "sha512-6tY2RCt6ENYBgUQGdlTrFvyEeA7jZFgmmBkHACzRzabE4wfVAeA/NsYKRrXVaLfG0sJ/Rbw7WFUdovAwCWSw9A==",
      "dependencies": {
        "@webreflection/utils": "^0.1.1",
        "next-resolver": "^0.1.4",
        "reflected-ffi": "^0.6.0"
      },
      "bin": {
        "coincident": "cli.cjs"
      }
    },
    "node_modules/html-escaper": {
      "version": "3.0.3",
      "resolved": "https://registry.npmjs.org/html-escaper/-/html-escaper-3.0.3.tgz",
      "integrity": "sha512-RuMffC89BOWQoY0WKGpIhn5gX3iI54O6nRA0yC124NYVtzjmFWBIiFd8M0x+ZdX0P9R4lADg1mgP8C7PxGOWuQ=="
    },
    "node_modules/next-resolver": {
      "version": "0.1.4",
      "resolved": "https://registry.npmjs.org/next-resolver/-/next-resolver-0.1.4.tgz",
      "integrity": "sha512-SXgeXScGO2apBZjvn3F3/TXHNqAoL09efcEX/40LhTOaZ7HlVzU2Vu8lmksLwtHHM12oLhePstLw56gjRzIHrQ==",
      "dependencies": {
        "@webreflection/utils": "^0.1.1"
      }
    },
    "node_modules/plain-tag": {
      "version": "0.1.3",
      "resolved": "https://registry.npmjs.org/plain-tag/-/plain-tag-0.1.3.tgz",
      "integrity": "sha512-yyVAOFKTAElc7KdLt2+UKGExNYwYb/Y/WE9i+1ezCQsJE8gbKSjewfpRqK2nQgZ4d4hhAAGgDCOcIZVilqE5UA=="
    },
    "node_modules/polyscript": {
      "version": "0.18.9",
      "resolved": "https://registry.npmjs.org/polyscript/-/polyscript-0.18.9.tgz",
      "integrity": "sha512-J42ihpBIuvM6rJXvfH4BHsH2siWZ4zoU7Jjbb40AdAVn/6S5tizzC2zkXno8nJlnrVMcrGTq9Mt8XXaBPJmLQA==",
      "dependencies": {
        "@webreflection/fetch": "^0.2.0",
        "@webreflection/idb-map": "^0.3.2",
        "@webreflection/utils": "^0.1.1",
        "basic-devtools": "^0.1.6",
        "codedent": "^0.1.2",
        "coincident": "^4.0.22",
        "html-escaper": "^3.0.3",
        "reflected-ffi": "^0.6.0",
        "sticky-module": "^0.1.1",
        "to-json-callback": "^0.1.1"
      }
    },
    "node_modules/reflected-ffi": {
      "version": "0.6.0",
      "resolved": "https://registry.npmjs.org/reflected-ffi/-/reflected-ffi-0.6.0.tgz",
      "integrity": "sha512-d17z68LkAUIL+AzY6MpuzM5bJ8eRiWW4WHZShbkxip54dLffR90lJljSM2lvRRSc21qhhhU1dtTZwuAPw9bkjg=="
    },
    "node_modules/sticky-module": {
      "version": "0.1.1",
      "resolved": "https://registry.npmjs.org/sticky-module/-/sticky-module-0.1.1.tgz",
      "integrity": "sha512-IuYgnyIMUx/m6rtu14l/LR2MaqOLtpXcWkxPmtPsiScRHEo+S4Tojk+DWFHOncSdFX/OsoLOM4+T92yOmI1AMw=="
    },
    "node_modules/to-json-callback": {
      "version": "0.1.1",
      "resolved": "https://registry.npmjs.org/to-json-callback/-/to-json-callback-0.1.1.tgz",
      "integrity": "sha512-BzOeinTT3NjE+FJ2iCvWB8HvyuyBzoH3WlSnJ+AYVC4tlePyZWSYdkQIFOARWiq0t35/XhmI0uQsFiUsRksRqg=="
    },
    "node_modules/type-checked-collections": {
      "version": "0.1.7",
      "resolved": "https://registry.npmjs.org/type-checked-collections/-/type-checked-collections-0.1.7.tgz",
      "integrity": "sha512-fLIydlJy7IG9XL4wjRwEcKhxx/ekLXiWiMvcGo01cOMF+TN+5ZqajM1mRNRz2bNNi1bzou2yofhjZEQi7kgl9A=="
    }
  },
  "dependencies": {
    "@pyscript/core": {
      "version": "0.6.70",
      "resolved": "https://registry.npmjs.org/@pyscript/core/-/core-0.6.70.tgz",
      "integrity": "sha512-xpM16y8rMmhmfOavCyUSu5V7h1oyY+syD8yoDv8PvkBNFQ4QB+5iTfXMW4FkDWxUUq0vJASQN3rZPJy4sfW7oA==",
      "requires": {
        "@ungap/with-resolvers": "^0.1.0",
        "@webreflection/idb-map": "^0.3.2",
        "@webreflection/utils": "^0.1.1",
        "add-promise-listener": "^0.1.3",
        "basic-devtools": "^0.1.6",
        "polyscript": "^0.18.9",
        "sticky-module": "^0.1.1",
        "to-json-callback": "^0.1.1",
        "type-checked-collections": "^0.1.7"
      }
    },
    "@ungap/with-resolvers": {
      "version": "0.1.0",
      "resolved": "https://registry.npmjs.org/@ungap/with-resolvers/-/with-resolvers-0.1.0.tgz",
      "integrity": "sha512-g7f0IkJdPW2xhY7H4iE72DAsIyfuwEFc6JWc2tYFwKDMWWAF699vGjrM348cwQuOXgHpe1gWFe+Eiyjx/ewvvw=="
    },
    "@webreflection/fetch": {
      "version": "0.2.0",
      "resolved": "https://registry.npmjs.org/@webreflection/fetch/-/fetch-0.2.0.tgz",
      "integrity": "sha512-aI6INAtIUWn25x6D+wYpf4adWf3M91QFgobJXKTKW1Rzv40JuKoD+vIHy8aH03z/8LCMryl03N5n/wnU2qULOw=="
    },
    "@webreflection/idb-map": {
      "version": "0.3.2",
      "resolved": "https://registry.npmjs.org/@webreflection/idb-map/-/idb-map-0.3.2.tgz",
      "integrity": "sha512-VLBTx6EUYF/dPdLyyjWWKxQmTWnVXTT1YJekrJUmfGxBcqEVL0Ih2EQptNG/JezkTYgJ0uSTb0yAum/THltBvQ=="
    },
    "@webreflection/utils": {
      "version": "0.1.1",
      "resolved": "https://registry.npmjs.org/@webreflection/utils/-/utils-0.1.1.tgz",
      "integrity": "sha512-sLil+Ld0Y65Iad1RcwO8FTfkiZWa0hhg8AQJgVOkjIqbI5iucnKsK3cVs7DTZMR+QQhlZFrWic/wkMhoc7rbPA=="
    },
    "add-promise-listener": {
      "version": "0.1.3",
      "resolved": "https://registry.npmjs.org/add-promise-listener/-/add-promise-listener-0.1.3.tgz",
      "integrity": "sha512-hQ6IgGJ7NvvlPYbwdekhdVwPb4QzEptNZ5v7B4XRKz7FukUPDuF/v+R5EFHArWmhmq4d+xv0G4/B5bu2GSiz9Q=="
    },
    "basic-devtools": {
      "version": "0.1.6",
      "resolved": "https://registry.npmjs.org/basic-devtools/-/basic-devtools-0.1.6.tgz",
      "integrity": "sha512-g9zJ63GmdUesS3/Fwv0B5SYX6nR56TQXmGr+wE5PRTNCnGQMYWhUx/nZB/mMWnQJVLPPAp89oxDNlasdtNkW5Q=="
    },
    "codedent": {
      "version": "0.1.2",
      "resolved": "https://registry.npmjs.org/codedent/-/codedent-0.1.2.tgz",
      "integrity": "sha512-qEqzcy5viM3UoCN0jYHZeXZoyd4NZQzYFg0kOBj8O1CgoGG9WYYTF+VeQRsN0OSKFjF3G1u4WDUOtOsWEx6N2w==",
      "requires": {
        "plain-tag": "^0.1.3"
      }
    },
    "coincident": {
      "version": "4.0.22",
      "resolved": "https://registry.npmjs.org/coincident/-/coincident-4.0.22.tgz",
      "integrity": "sha512-6tY2RCt6ENYBgUQGdlTrFvyEeA7jZFgmmBkHACzRzabE4wfVAeA/NsYKRrXVaLfG0sJ/Rbw7WFUdovAwCWSw9A==",
      "requires": {
        "@webreflection/utils": "^0.1.1",
        "next-resolver": "^0.1.4",
        "reflected-ffi": "^0.6.0"
      }
    },
    "html-escaper": {
      "version": "3.0.3",
      "resolved": "https://registry.npmjs.org/html-escaper/-/html-escaper-3.0.3.tgz",
      "integrity": "sha512-RuMffC89BOWQoY0WKGpIhn5gX3iI54O6nRA0yC124NYVtzjmFWBIiFd8M0x+ZdX0P9R4lADg1mgP8C7PxGOWuQ=="
    },
    "next-resolver": {
      "version": "0.1.4",
      "resolved": "https://registry.npmjs.org/next-resolver/-/next-resolver-0.1.4.tgz",
      "integrity": "sha512-SXgeXScGO2apBZjvn3F3/TXHNqAoL09efcEX/40LhTOaZ7HlVzU2Vu8lmksLwtHHM12oLhePstLw56gjRzIHrQ==",
      "requires": {
        "@webreflection/utils": "^0.1.1"
      }
    },
    "plain-tag": {
      "version": "0.1.3",
      "resolved": "https://registry.npmjs.org/plain-tag/-/plain-tag-0.1.3.tgz",
      "integrity": "sha512-yyVAOFKTAElc7KdLt2+UKGExNYwYb/Y/WE9i+1ezCQsJE8gbKSjewfpRqK2nQgZ4d4hhAAGgDCOcIZVilqE5UA=="
    },
    "polyscript": {
      "version": "0.18.9",
      "resolved": "https://registry.npmjs.org/polyscript/-/polyscript-0.18.9.tgz",
      "integrity": "sha512-J42ihpBIuvM6rJXvfH4BHsH2siWZ4zoU7Jjbb40AdAVn/6S5tizzC2zkXno8nJlnrVMcrGTq9Mt8XXaBPJmLQA==",
      "requires": {
        "@webreflection/fetch": "^0.2.0",
        "@webreflection/idb-map": "^0.3.2",
        "@webreflection/utils": "^0.1.1",
        "basic-devtools": "^0.1.6",
        "codedent": "^0.1.2",
        "coincident": "^4.0.22",
        "html-escaper": "^3.0.3",
        "reflected-ffi": "^0.6.0",
        "sticky-module": "^0.1.1",
        "to-json-callback": "^0.1.1"
      }
    },
    "reflected-ffi": {
      "version": "0.6.0",
      "resolved": "https://registry.npmjs.org/reflected-ffi/-/reflected-ffi-0.6.0.tgz",
      "integrity": "sha512-d17z68LkAUIL+AzY6MpuzM5bJ8eRiWW4WHZShbkxip54dLffR90lJljSM2lvRRSc21qhhhU1dtTZwuAPw9bkjg=="
    },
    "sticky-module": {
      "version": "0.1.1",
      "resolved": "https://registry.npmjs.org/sticky-module/-/sticky-module-0.1.1.tgz",
      "integrity": "sha512-IuYgnyIMUx/m6rtu14l/LR2MaqOLtpXcWkxPmtPsiScRHEo+S4Tojk+DWFHOncSdFX/OsoLOM4+T92yOmI1AMw=="
    },
    "to-json-callback": {
      "version": "0.1.1",
      "resolved": "https://registry.npmjs.org/to-json-callback/-/to-json-callback-0.1.1.tgz",
      "integrity": "sha512-BzOeinTT3NjE+FJ2iCvWB8HvyuyBzoH3WlSnJ+AYVC4tlePyZWSYdkQIFOARWiq0t35/XhmI0uQsFiUsRksRqg=="
    },
    "type-checked-collections": {
      "version": "0.1.7",
      "resolved": "https://registry.npmjs.org/type-checked-collections/-/type-checked-collections-0.1.7.tgz",
      "integrity": "sha512-fLIydlJy7IG9XL4wjRwEcKhxx/ekLXiWiMvcGo01cOMF+TN+5ZqajM1mRNRz2bNNi1bzou2yofhjZEQi7kgl9A=="
    }
  }
}
